// !$*UTF8*$!
{
	archiveVersion = 1;
	classes = {
	};
	objectVersion = 46;
	objects = {

/* Begin PBXBuildFile section */
		167438DFF57FDB66748B6E30 /* libPods-SocketWithProtobufServer.a in Frameworks */ = {isa = PBXBuildFile; fileRef = 34718FBE588C0B3B479C657C /* libPods-SocketWithProtobufServer.a */; };
		D49615CC1EA0593C00A7EC8B /* main.m in Sources */ = {isa = PBXBuildFile; fileRef = D49615CB1EA0593C00A7EC8B /* main.m */; };
		D49615CF1EA0593C00A7EC8B /* AppDelegate.m in Sources */ = {isa = PBXBuildFile; fileRef = D49615CE1EA0593C00A7EC8B /* AppDelegate.m */; };
		D49615D21EA0593C00A7EC8B /* ViewController.m in Sources */ = {isa = PBXBuildFile; fileRef = D49615D11EA0593C00A7EC8B /* ViewController.m */; };
		D49615D51EA0593C00A7EC8B /* Main.storyboard in Resources */ = {isa = PBXBuildFile; fileRef = D49615D31EA0593C00A7EC8B /* Main.storyboard */; };
		D49615D71EA0593C00A7EC8B /* Assets.xcassets in Resources */ = {isa = PBXBuildFile; fileRef = D49615D61EA0593C00A7EC8B /* Assets.xcassets */; };
		D49615DA1EA0593C00A7EC8B /* LaunchScreen.storyboard in Resources */ = {isa = PBXBuildFile; fileRef = D49615D81EA0593C00A7EC8B /* LaunchScreen.storyboard */; };
		D49615E41EA0648C00A7EC8B /* Socketwithprotobuf.pbobjc.m in Sources */ = {isa = PBXBuildFile; fileRef = D49615E21EA0648C00A7EC8B /* Socketwithprotobuf.pbobjc.m */; settings = {COMPILER_FLAGS = "-fno-objc-arc"; }; };
		D49615E51EA0648C00A7EC8B /* socketwithprotobuf.proto in Resources */ = {isa = PBXBuildFile; fileRef = D49615E31EA0648C00A7EC8B /* socketwithprotobuf.proto */; };
/* End PBXBuildFile section */

/* Begin PBXFileReference section */
		34718FBE588C0B3B479C657C /* libPods-SocketWithProtobufServer.a */ = {isa = PBXFileReference; explicitFileType = archive.ar; includeInIndex = 0; path = "libPods-SocketWithProtobufServer.a"; sourceTree = BUILT_PRODUCTS_DIR; };
		5C275903B4F8B4469D2A2336 /* Pods-SocketWithProtobufServer.debug.xcconfig */ = {isa = PBXFileReference; includeInIndex = 1; lastKnownFileType = text.xcconfig; name = "Pods-SocketWithProtobufServer.debug.xcconfig"; path = "../Pods/Target Support Files/Pods-SocketWithProtobufServer/Pods-SocketWithProtobufServer.debug.xcconfig"; sourceTree = "<group>"; };
		D49615C71EA0593C00A7EC8B /* SocketWithProtobufServer.app */ = {isa = PBXFileReference; explicitFileType = wrapper.application; includeInIndex = 0; path = SocketWithProtobufServer.app; sourceTree = BUILT_PRODUCTS_DIR; };
		D49615CB1EA0593C00A7EC8B /* main.m */ = {isa = PBXFileReference; lastKnownFileType = sourcecode.c.objc; path = main.m; sourceTree = "<group>"; };
		D49615CD1EA0593C00A7EC8B /* AppDelegate.h */ = {isa = PBXFileReference; lastKnownFileType = sourcecode.c.h; path = AppDelegate.h; sourceTree = "<group>"; };
		D49615CE1EA0593C00A7EC8B /* AppDelegate.m */ = {isa = PBXFileReference; lastKnownFileType = sourcecode.c.objc; path = AppDelegate.m; sourceTree = "<group>"; };
		D49615D01EA0593C00A7EC8B /* ViewController.h */ = {isa = PBXFileReference; lastKnownFileType = sourcecode.c.h; path = ViewController.h; sourceTree = "<group>"; };
		D49615D11EA0593C00A7EC8B /* ViewController.m */ = {isa = PBXFileReference; lastKnownFileType = sourcecode.c.objc; path = ViewController.m; sourceTree = "<group>"; };
		D49615D41EA0593C00A7EC8B /* Base */ = {isa = PBXFileReference; lastKnownFileType = file.storyboard; name = Base; path = Base.lproj/Main.storyboard; sourceTree = "<group>"; };
		D49615D61EA0593C00A7EC8B /* Assets.xcassets */ = {isa = PBXFileReference; lastKnownFileType = folder.assetcatalog; path = Assets.xcassets; sourceTree = "<group>"; };
		D49615D91EA0593C00A7EC8B /* Base */ = {isa = PBXFileReference; lastKnownFileType = file.storyboard; name = Base; path = Base.lproj/LaunchScreen.storyboard; sourceTree = "<group>"; };
		D49615DB1EA0593C00A7EC8B /* Info.plist */ = {isa = PBXFileReference; lastKnownFileType = text.plist.xml; path = Info.plist; sourceTree = "<group>"; };
		D49615E11EA0648C00A7EC8B /* Socketwithprotobuf.pbobjc.h */ = {isa = PBXFileReference; fileEncoding = 4; lastKnownFileType = sourcecode.c.h; path = Socketwithprotobuf.pbobjc.h; sourceTree = "<group>"; };
		D49615E21EA0648C00A7EC8B /* Socketwithprotobuf.pbobjc.m */ = {isa = PBXFileReference; fileEncoding = 4; lastKnownFileType = sourcecode.c.objc; path = Socketwithprotobuf.pbobjc.m; sourceTree = "<group>"; };
		D49615E31EA0648C00A7EC8B /* socketwithprotobuf.proto */ = {isa = PBXFileReference; fileEncoding = 4; lastKnownFileType = text; path = socketwithprotobuf.proto; sourceTree = "<group>"; };
		F33D69F134A46922DBB50AFE /* Pods-SocketWithProtobufServer.release.xcconfig */ = {isa = PBXFileReference; includeInIndex = 1; lastKnownFileType = text.xcconfig; name = "Pods-SocketWithProtobufServer.release.xcconfig"; path = "../Pods/Target Support Files/Pods-SocketWithProtobufServer/Pods-SocketWithProtobufServer.release.xcconfig"; sourceTree = "<group>"; };
/* End PBXFileReference section */

/* Begin PBXFrameworksBuildPhase section */
		D49615C41EA0593C00A7EC8B /* Frameworks */ = {
			isa = PBXFrameworksBuildPhase;
			buildActionMask = 2147483647;
			files = (
				167438DFF57FDB66748B6E30 /* libPods-SocketWithProtobufServer.a in Frameworks */,
			);
			runOnlyForDeploymentPostprocessing = 0;
		};
/* End PBXFrameworksBuildPhase section */

/* Begin PBXGroup section */
		824CE26435522F828C9ACC27 /* Frameworks */ = {
			isa = PBXGroup;
			children = (
				34718FBE588C0B3B479C657C /* libPods-SocketWithProtobufServer.a */,
			);
			name = Frameworks;
			sourceTree = "<group>";
		};
		BFED1EA814B86575DE572394 /* Pods */ = {
			isa = PBXGroup;
			children = (
				5C275903B4F8B4469D2A2336 /* Pods-SocketWithProtobufServer.debug.xcconfig */,
				F33D69F134A46922DBB50AFE /* Pods-SocketWithProtobufServer.release.xcconfig */,
			);
			name = Pods;
			sourceTree = "<group>";
		};
		D49615BE1EA0593C00A7EC8B = {
			isa = PBXGroup;
			children = (
				D49615C91EA0593C00A7EC8B /* SocketWithProtobufServer */,
				D49615C81EA0593C00A7EC8B /* Products */,
				BFED1EA814B86575DE572394 /* Pods */,
				824CE26435522F828C9ACC27 /* Frameworks */,
			);
			sourceTree = "<group>";
		};
		D49615C81EA0593C00A7EC8B /* Products */ = {
			isa = PBXGroup;
			children = (
				D49615C71EA0593C00A7EC8B /* SocketWithProtobufServer.app */,
			);
			name = Products;
			sourceTree = "<group>";
		};
		D49615C91EA0593C00A7EC8B /* SocketWithProtobufServer */ = {
			isa = PBXGroup;
			children = (
				D49615E11EA0648C00A7EC8B /* Socketwithprotobuf.pbobjc.h */,
				D49615E21EA0648C00A7EC8B /* Socketwithprotobuf.pbobjc.m */,
				D49615E31EA0648C00A7EC8B /* socketwithprotobuf.proto */,
				D49615CD1EA0593C00A7EC8B /* AppDelegate.h */,
				D49615CE1EA0593C00A7EC8B /* AppDelegate.m */,
				D49615D01EA0593C00A7EC8B /* ViewController.h */,
				D49615D11EA0593C00A7EC8B /* ViewController.m */,
				D49615D31EA0593C00A7EC8B /* Main.storyboard */,
				D49615D61EA0593C00A7EC8B /* Assets.xcassets */,
				D49615D81EA0593C00A7EC8B /* LaunchScreen.storyboard */,
				D49615DB1EA0593C00A7EC8B /* Info.plist */,
				D49615CA1EA0593C00A7EC8B /* Supporting Files */,
			);
			path = SocketWithProtobufServer;
			sourceTree = "<group>";
		};
		D49615CA1EA0593C00A7EC8B /* Supporting Files */ = {
			isa = PBXGroup;
			children = (
				D49615CB1EA0593C00A7EC8B /* main.m */,
			);
			name = "Supporting Files";
			sourceTree = "<group>";
		};
/* End PBXGroup section */

/* Begin PBXNativeTarget section */
		D49615C61EA0593C00A7EC8B /* SocketWithProtobufServer */ = {
			isa = PBXNativeTarget;
			buildConfigurationList = D49615DE1EA0593C00A7EC8B /* Build configuration list for PBXNativeTarget "SocketWithProtobufServer" */;
			buildPhases = (
				74E2995A36DF8BDBEC79409F /* [CP] Check Pods Manifest.lock */,
				D49615C31EA0593C00A7EC8B /* Sources */,
				D49615C41EA0593C00A7EC8B /* Frameworks */,
				D49615C51EA0593C00A7EC8B /* Resources */,
				1AB13F8ADCF0412AB72B2A94 /* [CP] Embed Pods Frameworks */,
				AEA9BABC0C0292C2B7FC48B4 /* [CP] Copy Pods Resources */,
			);
			buildRules = (
			);
			dependencies = (
			);
			name = SocketWithProtobufServer;
			productName = SocketWithProtobufServer;
			productReference = D49615C71EA0593C00A7EC8B /* SocketWithProtobufServer.app */;
			productType = "com.apple.product-type.application";
		};
/* End PBXNativeTarget section */

/* Begin PBXProject section */
		D49615BF1EA0593C00A7EC8B /* Project object */ = {
			isa = PBXProject;
			attributes = {
				LastUpgradeCheck = 0830;
				ORGANIZATIONNAME = CHENLI;
				TargetAttributes = {
					D49615C61EA0593C00A7EC8B = {
						CreatedOnToolsVersion = 8.3;
						DevelopmentTeam = 59824NJ932;
						ProvisioningStyle = Automatic;
					};
				};
			};
			buildConfigurationList = D49615C21EA0593C00A7EC8B /* Build configuration list for PBXProject "SocketWithProtobufServer" */;
			compatibilityVersion = "Xcode 3.2";
			developmentRegion = English;
			hasScannedForEncodings = 0;
			knownRegions = (
				en,
				Base,
			);
			mainGroup = D49615BE1EA0593C00A7EC8B;
			productRefGroup = D49615C81EA0593C00A7EC8B /* Products */;
			projectDirPath = "";
			projectRoot = "";
			targets = (
				D49615C61EA0593C00A7EC8B /* SocketWithProtobufServer */,
			);
		};
/* End PBXProject section */

/* Begin PBXResourcesBuildPhase section */
		D49615C51EA0593C00A7EC8B /* Resources */ = {
			isa = PBXResourcesBuildPhase;
			buildActionMask = 2147483647;
			files = (
				D49615E51EA0648C00A7EC8B /* socketwithprotobuf.proto in Resources */,
				D49615DA1EA0593C00A7EC8B /* LaunchScreen.storyboard in Resources */,
				D49615D71EA0593C00A7EC8B /* Assets.xcassets in Resources */,
				D49615D51EA0593C00A7EC8B /* Main.storyboard in Resources */,
			);
			runOnlyForDeploymentPostprocessing = 0;
		};
/* End PBXResourcesBuildPhase section */

/* Begin PBXShellScriptBuildPhase section */
		1AB13F8ADCF0412AB72B2A94 /* [CP] Embed Pods Frameworks */ = {
			isa = PBXShellScriptBuildPhase;
			buildActionMask = 2147483647;
			files = (
			);
			inputPaths = (
			);
			name = "[CP] Embed Pods Frameworks";
			outputPaths = (
			);
			runOnlyForDeploymentPostprocessing = 0;
			shellPath = /bin/sh;
			shellScript = "\"${SRCROOT}/../Pods/Target Support Files/Pods-SocketWithProtobufServer/Pods-SocketWithProtobufServer-frameworks.sh\"\n";
			showEnvVarsInLog = 0;
		};
		74E2995A36DF8BDBEC79409F /* [CP] Check Pods Manifest.lock */ = {
			isa = PBXShellScriptBuildPhase;
			buildActionMask = 2147483647;
			files = (
			);
			inputPaths = (
			);
			name = "[CP] Check Pods Manifest.lock";
			outputPaths = (
			);
			runOnlyForDeploymentPostprocessing = 0;
			shellPath = /bin/sh;
			shellScript = "diff \"${PODS_ROOT}/../Podfile.lock\" \"${PODS_ROOT}/Manifest.lock\" > /dev/null\nif [ $? != 0 ] ; then\n    # print error to STDERR\n    echo \"error: The sandbox is not in sync with the Podfile.lock. Run 'pod install' or update your CocoaPods installation.\" >&2\n    exit 1\nfi\n";
			showEnvVarsInLog = 0;
		};
		AEA9BABC0C0292C2B7FC48B4 /* [CP] Copy Pods Resources */ = {
			isa = PBXShellScriptBuildPhase;
			buildActionMask = 2147483647;
			files = (
			);
			inputPaths = (
			);
			name = "[CP] Copy Pods Resources";
			outputPaths = (
			);
			runOnlyForDeploymentPostprocessing = 0;
			shellPath = /bin/sh;
			shellScript = "\"${SRCROOT}/../Pods/Target Support Files/Pods-SocketWithProtobufServer/Pods-SocketWithProtobufServer-resources.sh\"\n";
			showEnvVarsInLog = 0;
		};
/* End PBXShellScriptBuildPhase section */

/* Begin PBXSourcesBuildPhase section */
		D49615C31EA0593C00A7EC8B /* Sources */ = {
			isa = PBXSourcesBuildPhase;
			buildActionMask = 2147483647;
			files = (
				D49615D21EA0593C00A7EC8B /* ViewController.m in Sources */,
				D49615CF1EA0593C00A7EC8B /* AppDelegate.m in Sources */,
				D49615E41EA0648C00A7EC8B /* Socketwithprotobuf.pbobjc.m in Sources */,
				D49615CC1EA0593C00A7EC8B /* main.m in Sources */,
			);
			runOnlyForDeploymentPostprocessing = 0;
		};
/* End PBXSourcesBuildPhase section */

/* Begin PBXVariantGroup section */
		D49615D31EA0593C00A7EC8B /* Main.storyboard */ = {
			isa = PBXVariantGroup;
			children = (
				D49615D41EA0593C00A7EC8B /* Base */,
			);
			name = Main.storyboard;
			sourceTree = "<group>";
		};
		D49615D81EA0593C00A7EC8B /* LaunchScreen.storyboard */ = {
			isa = PBXVariantGroup;
			children = (
				D49615D91EA0593C00A7EC8B /* Base */,
			);
			name = LaunchScreen.storyboard;
			sourceTree = "<group>";
		};
/* End PBXVariantGroup section */

/* Begin XCBuildConfiguration section */
		D49615DC1EA0593C00A7EC8B /* Debug */ = {
			isa = XCBuildConfiguration;
			buildSettings = {
				ALWAYS_SEARCH_USER_PATHS = NO;
				CLANG_ANALYZER_NONNULL = YES;
				CLANG_ANALYZER_NUMBER_OBJECT_CONVERSION = YES_AGGRESSIVE;
				CLANG_CXX_LANGUAGE_STANDARD = "gnu++0x";
				CLANG_CXX_LIBRARY = "libc++";
				CLANG_ENABLE_MODULES = YES;
				CLANG_ENABLE_OBJC_ARC = YES;
				CLANG_WARN_BOOL_CONVERSION = YES;
				CLANG_WARN_CONSTANT_CONVERSION = YES;
				CLANG_WARN_DIRECT_OBJC_ISA_USAGE = YES_ERROR;
				CLANG_WARN_DOCUMENTATION_COMMENTS = YES;
				CLANG_WARN_EMPTY_BODY = YES;
				CLANG_WARN_ENUM_CONVERSION = YES;
				CLANG_WARN_INFINITE_RECURSION = YES;
				CLANG_WARN_INT_CONVERSION = YES;
				CLANG_WARN_OBJC_ROOT_CLASS = YES_ERROR;
				CLANG_WARN_SUSPICIOUS_MOVE = YES;
				CLANG_WARN_UNREACHABLE_CODE = YES;
				CLANG_WARN__DUPLICATE_METHOD_MATCH = YES;
				"CODE_SIGN_IDENTITY[sdk=iphoneos*]" = "iPhone Developer";
				COPY_PHASE_STRIP = NO;
				DEBUG_INFORMATION_FORMAT = dwarf;
				ENABLE_STRICT_OBJC_MSGSEND = YES;
				ENABLE_TESTABILITY = YES;
				GCC_C_LANGUAGE_STANDARD = gnu99;
				GCC_DYNAMIC_NO_PIC = NO;
				GCC_NO_COMMON_BLOCKS = YES;
				GCC_OPTIMIZATION_LEVEL = 0;
				GCC_PREPROCESSOR_DEFINITIONS = (
					"DEBUG=1",
					"$(inherited)",
				);
				GCC_WARN_64_TO_32_BIT_CONVERSION = YES;
				GCC_WARN_ABOUT_RETURN_TYPE = YES_ERROR;
				GCC_WARN_UNDECLARED_SELECTOR = YES;
				GCC_WARN_UNINITIALIZED_AUTOS = YES_AGGRESSIVE;
				GCC_WARN_UNUSED_FUNCTION = YES;
				GCC_WARN_UNUSED_VARIABLE = YES;
				IPHONEOS_DEPLOYMENT_TARGET = 10.3;
				MTL_ENABLE_DEBUG_INFO = YES;
				ONLY_ACTIVE_ARCH = YES;
				SDKROOT = iphoneos;
			};
			name = Debug;
		};
		D49615DD1EA0593C00A7EC8B /* Release */ = {
			isa = XCBuildConfiguration;
			buildSettings = {
				ALWAYS_SEARCH_USER_PATHS = NO;
				CLANG_ANALYZER_NONNULL = YES;
				CLANG_ANALYZER_NUMBER_OBJECT_CONVERSION = YES_AGGRESSIVE;
				CLANG_CXX_LANGUAGE_STANDARD = "gnu++0x";
				CLANG_CXX_LIBRARY = "libc++";
				CLANG_ENABLE_MODULES = YES;
				CLANG_ENABLE_OBJC_ARC = YES;
				CLANG_WARN_BOOL_CONVERSION = YES;
				CLANG_WARN_CONSTANT_CONVERSION = YES;
				CLANG_WARN_DIRECT_OBJC_ISA_USAGE = YES_ERROR;
				CLANG_WARN_DOCUMENTATION_COMMENTS = YES;
				CLANG_WARN_EMPTY_BODY = YES;
				CLANG_WARN_ENUM_CONVERSION = YES;
				CLANG_WARN_INFINITE_RECURSION = YES;
				CLANG_WARN_INT_CONVERSION = YES;
				CLANG_WARN_OBJC_ROOT_CLASS = YES_ERROR;
				CLANG_WARN_SUSPICIOUS_MOVE = YES;
				CLANG_WARN_UNREACHABLE_CODE = YES;
				CLANG_WARN__DUPLICATE_METHOD_MATCH = YES;
				"CODE_SIGN_IDENTITY[sdk=iphoneos*]" = "iPhone Developer";
				COPY_PHASE_STRIP = NO;
				DEBUG_INFORMATION_FORMAT = "dwarf-with-dsym";
				ENABLE_NS_ASSERTIONS = NO;
				ENABLE_STRICT_OBJC_MSGSEND = YES;
				GCC_C_LANGUAGE_STANDARD = gnu99;
				GCC_NO_COMMON_BLOCKS = YES;
				GCC_WARN_64_TO_32_BIT_CONVERSION = YES;
				GCC_WARN_ABOUT_RETURN_TYPE = YES_ERROR;
				GCC_WARN_UNDECLARED_SELECTOR = YES;
				GCC_WARN_UNINITIALIZED_AUTOS = YES_AGGRESSIVE;
				GCC_WARN_UNUSED_FUNCTION = YES;
				GCC_WARN_UNUSED_VARIABLE = YES;
				IPHONEOS_DEPLOYMENT_TARGET = 10.3;
				MTL_ENABLE_DEBUG_INFO = NO;
				SDKROOT = iphoneos;
				VALIDATE_PRODUCT = YES;
			};
			name = Release;
		};
		D49615DF1EA0593C00A7EC8B /* Debug */ = {
			isa = XCBuildConfiguration;
			baseConfigurationReference = 5C275903B4F8B4469D2A2336 /* Pods-SocketWithProtobufServer.debug.xcconfig */;
			buildSettings = {
				ASSETCATALOG_COMPILER_APPICON_NAME = AppIcon;
				DEVELOPMENT_TEAM = 59824NJ932;
				INFOPLIST_FILE = SocketWithProtobufServer/Info.plist;
				LD_RUNPATH_SEARCH_PATHS = "$(inherited) @executable_path/Frameworks";
				PRODUCT_BUNDLE_IDENTIFIER = chenli.SocketWithProtobufServer;
				PRODUCT_NAME = "$(TARGET_NAME)";
			};
			name = Debug;
		};
		D49615E01EA0593C00A7EC8B /* Release */ = {
			isa = XCBuildConfiguration;
			baseConfigurationReference = F33D69F134A46922DBB50AFE /* Pods-SocketWithProtobufServer.release.xcconfig */;
			buildSettings = {
				ASSETCATALOG_COMPILER_APPICON_NAME = AppIcon;
				DEVELOPMENT_TEAM = 59824NJ932;
				INFOPLIST_FILE = SocketWithProtobufServer/Info.plist;
				LD_RUNPATH_SEARCH_PATHS = "$(inherited) @executable_path/Frameworks";
				PRODUCT_BUNDLE_IDENTIFIER = chenli.SocketWithProtobufServer;
				PRODUCT_NAME = "$(TARGET_NAME)";
			};
			name = Release;
		};
/* End XCBuildConfiguration section */

/* Begin XCConfigurationList section */
		D49615C21EA0593C00A7EC8B /* Build configuration list for PBXProject "SocketWithProtobufServer" */ = {
			isa = XCConfigurationList;
			buildConfigurations = (
				D49615DC1EA0593C00A7EC8B /* Debug */,
				D49615DD1EA0593C00A7EC8B /* Release */,
			);
			defaultConfigurationIsVisible = 0;
			defaultConfigurationName = Release;
		};
		D49615DE1EA0593C00A7EC8B /* Build configuration list for PBXNativeTarget "SocketWithProtobufServer" */ = {
			isa = XCConfigurationList;
			buildConfigurations = (
				D49615DF1EA0593C00A7EC8B /* Debug */,
				D49615E01EA0593C00A7EC8B /* Release */,
			);
			defaultConfigurationIsVisible = 0;
			defaultConfigurationName = Release;
		};
/* End XCConfigurationList section */
	};
	rootObject = D49615BF1EA0593C00A7EC8B /* Project object */;
}
